
Microsoft Visual Studio Solution File, Format Version 12.00
# Visual Studio Version 17
VisualStudioVersion = 17.9.34728.123
MinimumVisualStudioVersion = 10.0.40219.1
Project("{FAE04EC0-301F-11D3-BF4B-00C04F79EFBC}") = "RLS1000Utility", "RLS1000Utility\RLS1000Utility.csproj", "{5FFEB686-7685-4707-B0C7-7BEDA13EFB93}"
EndProject
Project("{54435603-DBB4-11D2-8724-00A0C9A8B90C}") = "PLS110-SF", "PLS110-SF\PLS110-SF.vdproj", "{BBF77760-9D3B-4C0C-92F7-9C3C1D14FDF5}"
EndProject
Global
	GlobalSection(SolutionConfigurationPlatforms) = preSolution
		Debug|Any CPU = Debug|Any CPU
		Release|Any CPU = Release|Any CPU
	EndGlobalSection
	GlobalSection(ProjectConfigurationPlatforms) = postSolution
		{5FFEB686-7685-4707-B0C7-7BEDA13EFB93}.Debug|Any CPU.ActiveCfg = Debug|Any CPU
		{5FFEB686-7685-4707-B0C7-7BEDA13EFB93}.Debug|Any CPU.Build.0 = Debug|Any CPU
		{5FFEB686-7685-4707-B0C7-7BEDA13EFB93}.Release|Any CPU.ActiveCfg = Debug|Any CPU
		{5FFEB686-7685-4707-B0C7-7BEDA13EFB93}.Release|Any CPU.Build.0 = Debug|Any CPU
		{BBF77760-9D3B-4C0C-92F7-9C3C1D14FDF5}.Debug|Any CPU.ActiveCfg = Debug
		{BBF77760-9D3B-4C0C-92F7-9C3C1D14FDF5}.Release|Any CPU.ActiveCfg = Debug
	EndGlobalSection
	GlobalSection(SolutionProperties) = preSolution
		HideSolutionNode = FALSE
	EndGlobalSection
	GlobalSection(ExtensibilityGlobals) = postSolution
		SolutionGuid = {E535887D-8203-4F56-A005-A93F9D2855EE}
	EndGlobalSection
EndGlobal
